
Microsoft Visual Studio Solution File, Format Version 12.00
# Visual Studio Version 18
VisualStudioVersion = 18.5.11723.231 stable
MinimumVisualStudioVersion = 10.0.40219.1
Project("{FAE04EC0-301F-11D3-BF4B-00C04F79EFBC}") = "motion-api", "motion-api.csproj", "{BF4A18F1-81F8-2FF4-6AF7-1FD9D8FA4005}"
EndProject
Global
	GlobalSection(SolutionConfigurationPlatforms) = preSolution
		Debug|Any CPU = Debug|Any CPU
		Release|Any CPU = Release|Any CPU
	EndGlobalSection
	GlobalSection(ProjectConfigurationPlatforms) = postSolution
		{BF4A18F1-81F8-2FF4-6AF7-1FD9D8FA4005}.Debug|Any CPU.ActiveCfg = Debug|Any CPU
		{BF4A18F1-81F8-2FF4-6AF7-1FD9D8FA4005}.Debug|Any CPU.Build.0 = Debug|Any CPU
		{BF4A18F1-81F8-2FF4-6AF7-1FD9D8FA4005}.Release|Any CPU.ActiveCfg = Release|Any CPU
		{BF4A18F1-81F8-2FF4-6AF7-1FD9D8FA4005}.Release|Any CPU.Build.0 = Release|Any CPU
	EndGlobalSection
	GlobalSection(SolutionProperties) = preSolution
		HideSolutionNode = FALSE
	EndGlobalSection
	GlobalSection(ExtensibilityGlobals) = postSolution
		SolutionGuid = {A7228529-1183-4397-9348-AEE8AEA13AEB}
	EndGlobalSection
EndGlobal
